// !$*UTF8*$!
{
	archiveVersion = 1;
	classes = {
	};
	objectVersion = 46;
	objects = {

/* Begin PBXBuildFile section */
		11EFD22B1DCF3402001DEAC1 /* AppDelegate.swift in Sources */ = {isa = PBXBuildFile; fileRef = 11EFD22A1DCF3402001DEAC1 /* AppDelegate.swift */; };
		11EFD22D1DCF3402001DEAC1 /* ViewController.swift in Sources */ = {isa = PBXBuildFile; fileRef = 11EFD22C1DCF3402001DEAC1 /* ViewController.swift */; };
		11EFD2301DCF3402001DEAC1 /* Main.storyboard in Resources */ = {isa = PBXBuildFile; fileRef = 11EFD22E1DCF3402001DEAC1 /* Main.storyboard */; };
		11EFD2321DCF3402001DEAC1 /* Assets.xcassets in Resources */ = {isa = PBXBuildFile; fileRef = 11EFD2311DCF3402001DEAC1 /* Assets.xcassets */; };
		11EFD2351DCF3402001DEAC1 /* LaunchScreen.storyboard in Resources */ = {isa = PBXBuildFile; fileRef = 11EFD2331DCF3402001DEAC1 /* LaunchScreen.storyboard */; };
		11EFD2471DCF3E46001DEAC1 /* QRCodeReader.swift in Sources */ = {isa = PBXBuildFile; fileRef = 11EFD23D1DCF3E46001DEAC1 /* QRCodeReader.swift */; };
		11EFD2481DCF3E46001DEAC1 /* QRCodeReaderResult.swift in Sources */ = {isa = PBXBuildFile; fileRef = 11EFD23E1DCF3E46001DEAC1 /* QRCodeReaderResult.swift */; };
		11EFD2491DCF3E46001DEAC1 /* QRCodeReaderView.swift in Sources */ = {isa = PBXBuildFile; fileRef = 11EFD23F1DCF3E46001DEAC1 /* QRCodeReaderView.swift */; };
		11EFD24A1DCF3E46001DEAC1 /* QRCodeReaderViewContainer.swift in Sources */ = {isa = PBXBuildFile; fileRef = 11EFD2401DCF3E46001DEAC1 /* QRCodeReaderViewContainer.swift */; };
		11EFD24B1DCF3E46001DEAC1 /* QRCodeReaderViewController.swift in Sources */ = {isa = PBXBuildFile; fileRef = 11EFD2411DCF3E46001DEAC1 /* QRCodeReaderViewController.swift */; };
		11EFD24C1DCF3E46001DEAC1 /* QRCodeReaderViewControllerBuilder.swift in Sources */ = {isa = PBXBuildFile; fileRef = 11EFD2421DCF3E46001DEAC1 /* QRCodeReaderViewControllerBuilder.swift */; };
		11EFD24D1DCF3E46001DEAC1 /* QRCodeReaderViewControllerDelegate.swift in Sources */ = {isa = PBXBuildFile; fileRef = 11EFD2431DCF3E46001DEAC1 /* QRCodeReaderViewControllerDelegate.swift */; };
		11EFD24E1DCF3E46001DEAC1 /* ReaderOverlayView.swift in Sources */ = {isa = PBXBuildFile; fileRef = 11EFD2441DCF3E46001DEAC1 /* ReaderOverlayView.swift */; };
		11EFD24F1DCF3E46001DEAC1 /* SwitchCameraButton.swift in Sources */ = {isa = PBXBuildFile; fileRef = 11EFD2451DCF3E46001DEAC1 /* SwitchCameraButton.swift */; };
		11EFD2501DCF3E46001DEAC1 /* ToggleTorchButton.swift in Sources */ = {isa = PBXBuildFile; fileRef = 11EFD2461DCF3E46001DEAC1 /* ToggleTorchButton.swift */; };
		11EFD2531DCF3ECB001DEAC1 /* QRCodeViewController.swift in Sources */ = {isa = PBXBuildFile; fileRef = 11EFD2521DCF3ECB001DEAC1 /* QRCodeViewController.swift */; };
		11EFD2551DCF4BA3001DEAC1 /* RecommendedPlacesViewController.swift in Sources */ = {isa = PBXBuildFile; fileRef = 11EFD2541DCF4BA3001DEAC1 /* RecommendedPlacesViewController.swift */; };
		11EFD2571DCF4E42001DEAC1 /* AllPlacesViewController.swift in Sources */ = {isa = PBXBuildFile; fileRef = 11EFD2561DCF4E42001DEAC1 /* AllPlacesViewController.swift */; };
		11EFD2591DCF4F71001DEAC1 /* NewsViewController.swift in Sources */ = {isa = PBXBuildFile; fileRef = 11EFD2581DCF4F71001DEAC1 /* NewsViewController.swift */; };
/* End PBXBuildFile section */

/* Begin PBXFileReference section */
		11EFD2271DCF3402001DEAC1 /* Kypony.app */ = {isa = PBXFileReference; explicitFileType = wrapper.application; includeInIndex = 0; path = Kypony.app; sourceTree = BUILT_PRODUCTS_DIR; };
		11EFD22A1DCF3402001DEAC1 /* AppDelegate.swift */ = {isa = PBXFileReference; lastKnownFileType = sourcecode.swift; path = AppDelegate.swift; sourceTree = "<group>"; };
		11EFD22C1DCF3402001DEAC1 /* ViewController.swift */ = {isa = PBXFileReference; lastKnownFileType = sourcecode.swift; path = ViewController.swift; sourceTree = "<group>"; };
		11EFD22F1DCF3402001DEAC1 /* Base */ = {isa = PBXFileReference; lastKnownFileType = file.storyboard; name = Base; path = Base.lproj/Main.storyboard; sourceTree = "<group>"; };
		11EFD2311DCF3402001DEAC1 /* Assets.xcassets */ = {isa = PBXFileReference; lastKnownFileType = folder.assetcatalog; path = Assets.xcassets; sourceTree = "<group>"; };
		11EFD2341DCF3402001DEAC1 /* Base */ = {isa = PBXFileReference; lastKnownFileType = file.storyboard; name = Base; path = Base.lproj/LaunchScreen.storyboard; sourceTree = "<group>"; };
		11EFD2361DCF3402001DEAC1 /* Info.plist */ = {isa = PBXFileReference; lastKnownFileType = text.plist.xml; path = Info.plist; sourceTree = "<group>"; };
		11EFD23D1DCF3E46001DEAC1 /* QRCodeReader.swift */ = {isa = PBXFileReference; fileEncoding = 4; lastKnownFileType = sourcecode.swift; path = QRCodeReader.swift; sourceTree = "<group>"; };
		11EFD23E1DCF3E46001DEAC1 /* QRCodeReaderResult.swift */ = {isa = PBXFileReference; fileEncoding = 4; lastKnownFileType = sourcecode.swift; path = QRCodeReaderResult.swift; sourceTree = "<group>"; };
		11EFD23F1DCF3E46001DEAC1 /* QRCodeReaderView.swift */ = {isa = PBXFileReference; fileEncoding = 4; lastKnownFileType = sourcecode.swift; path = QRCodeReaderView.swift; sourceTree = "<group>"; };
		11EFD2401DCF3E46001DEAC1 /* QRCodeReaderViewContainer.swift */ = {isa = PBXFileReference; fileEncoding = 4; lastKnownFileType = sourcecode.swift; path = QRCodeReaderViewContainer.swift; sourceTree = "<group>"; };
		11EFD2411DCF3E46001DEAC1 /* QRCodeReaderViewController.swift */ = {isa = PBXFileReference; fileEncoding = 4; lastKnownFileType = sourcecode.swift; path = QRCodeReaderViewController.swift; sourceTree = "<group>"; };
		11EFD2421DCF3E46001DEAC1 /* QRCodeReaderViewControllerBuilder.swift */ = {isa = PBXFileReference; fileEncoding = 4; lastKnownFileType = sourcecode.swift; path = QRCodeReaderViewControllerBuilder.swift; sourceTree = "<group>"; };
		11EFD2431DCF3E46001DEAC1 /* QRCodeReaderViewControllerDelegate.swift */ = {isa = PBXFileReference; fileEncoding = 4; lastKnownFileType = sourcecode.swift; path = QRCodeReaderViewControllerDelegate.swift; sourceTree = "<group>"; };
		11EFD2441DCF3E46001DEAC1 /* ReaderOverlayView.swift */ = {isa = PBXFileReference; fileEncoding = 4; lastKnownFileType = sourcecode.swift; path = ReaderOverlayView.swift; sourceTree = "<group>"; };
		11EFD2451DCF3E46001DEAC1 /* SwitchCameraButton.swift */ = {isa = PBXFileReference; fileEncoding = 4; lastKnownFileType = sourcecode.swift; path = SwitchCameraButton.swift; sourceTree = "<group>"; };
		11EFD2461DCF3E46001DEAC1 /* ToggleTorchButton.swift */ = {isa = PBXFileReference; fileEncoding = 4; lastKnownFileType = sourcecode.swift; path = ToggleTorchButton.swift; sourceTree = "<group>"; };
		11EFD2521DCF3ECB001DEAC1 /* QRCodeViewController.swift */ = {isa = PBXFileReference; fileEncoding = 4; lastKnownFileType = sourcecode.swift; path = QRCodeViewController.swift; sourceTree = "<group>"; };
		11EFD2541DCF4BA3001DEAC1 /* RecommendedPlacesViewController.swift */ = {isa = PBXFileReference; fileEncoding = 4; lastKnownFileType = sourcecode.swift; path = RecommendedPlacesViewController.swift; sourceTree = "<group>"; };
		11EFD2561DCF4E42001DEAC1 /* AllPlacesViewController.swift */ = {isa = PBXFileReference; fileEncoding = 4; lastKnownFileType = sourcecode.swift; path = AllPlacesViewController.swift; sourceTree = "<group>"; };
		11EFD2581DCF4F71001DEAC1 /* NewsViewController.swift */ = {isa = PBXFileReference; fileEncoding = 4; lastKnownFileType = sourcecode.swift; path = NewsViewController.swift; sourceTree = "<group>"; };
/* End PBXFileReference section */

/* Begin PBXFrameworksBuildPhase section */
		11EFD2241DCF3402001DEAC1 /* Frameworks */ = {
			isa = PBXFrameworksBuildPhase;
			buildActionMask = 2147483647;
			files = (
			);
			runOnlyForDeploymentPostprocessing = 0;
		};
/* End PBXFrameworksBuildPhase section */

/* Begin PBXGroup section */
		11EFD21E1DCF3402001DEAC1 = {
			isa = PBXGroup;
			children = (
				11EFD2291DCF3402001DEAC1 /* Kypony */,
				11EFD2281DCF3402001DEAC1 /* Products */,
			);
			sourceTree = "<group>";
		};
		11EFD2281DCF3402001DEAC1 /* Products */ = {
			isa = PBXGroup;
			children = (
				11EFD2271DCF3402001DEAC1 /* Kypony.app */,
			);
			name = Products;
			sourceTree = "<group>";
		};
		11EFD2291DCF3402001DEAC1 /* Kypony */ = {
			isa = PBXGroup;
			children = (
				11EFD23C1DCF3E46001DEAC1 /* QRCodeReader */,
				11EFD22C1DCF3402001DEAC1 /* ViewController.swift */,
				11EFD22A1DCF3402001DEAC1 /* AppDelegate.swift */,
				11EFD2541DCF4BA3001DEAC1 /* RecommendedPlacesViewController.swift */,
				11EFD2561DCF4E42001DEAC1 /* AllPlacesViewController.swift */,
				11EFD2581DCF4F71001DEAC1 /* NewsViewController.swift */,
				11EFD2521DCF3ECB001DEAC1 /* QRCodeViewController.swift */,
				11EFD22E1DCF3402001DEAC1 /* Main.storyboard */,
				11EFD2311DCF3402001DEAC1 /* Assets.xcassets */,
				11EFD2331DCF3402001DEAC1 /* LaunchScreen.storyboard */,
				11EFD2361DCF3402001DEAC1 /* Info.plist */,
			);
			path = Kypony;
			sourceTree = "<group>";
		};
		11EFD23C1DCF3E46001DEAC1 /* QRCodeReader */ = {
			isa = PBXGroup;
			children = (
				11EFD23D1DCF3E46001DEAC1 /* QRCodeReader.swift */,
				11EFD23E1DCF3E46001DEAC1 /* QRCodeReaderResult.swift */,
				11EFD23F1DCF3E46001DEAC1 /* QRCodeReaderView.swift */,
				11EFD2401DCF3E46001DEAC1 /* QRCodeReaderViewContainer.swift */,
				11EFD2411DCF3E46001DEAC1 /* QRCodeReaderViewController.swift */,
				11EFD2421DCF3E46001DEAC1 /* QRCodeReaderViewControllerBuilder.swift */,
				11EFD2431DCF3E46001DEAC1 /* QRCodeReaderViewControllerDelegate.swift */,
				11EFD2441DCF3E46001DEAC1 /* ReaderOverlayView.swift */,
				11EFD2451DCF3E46001DEAC1 /* SwitchCameraButton.swift */,
				11EFD2461DCF3E46001DEAC1 /* ToggleTorchButton.swift */,
			);
			path = QRCodeReader;
			sourceTree = "<group>";
		};
/* End PBXGroup section */

/* Begin PBXNativeTarget section */
		11EFD2261DCF3402001DEAC1 /* Kypony */ = {
			isa = PBXNativeTarget;
			buildConfigurationList = 11EFD2391DCF3402001DEAC1 /* Build configuration list for PBXNativeTarget "Kypony" */;
			buildPhases = (
				11EFD2231DCF3402001DEAC1 /* Sources */,
				11EFD2241DCF3402001DEAC1 /* Frameworks */,
				11EFD2251DCF3402001DEAC1 /* Resources */,
			);
			buildRules = (
			);
			dependencies = (
			);
			name = Kypony;
			productName = Kypony;
			productReference = 11EFD2271DCF3402001DEAC1 /* Kypony.app */;
			productType = "com.apple.product-type.application";
		};
/* End PBXNativeTarget section */

/* Begin PBXProject section */
		11EFD21F1DCF3402001DEAC1 /* Project object */ = {
			isa = PBXProject;
			attributes = {
				LastSwiftUpdateCheck = 0800;
				LastUpgradeCheck = 0800;
				ORGANIZATIONNAME = "Alex Kartsev";
				TargetAttributes = {
					11EFD2261DCF3402001DEAC1 = {
						CreatedOnToolsVersion = 8.0;
						ProvisioningStyle = Automatic;
					};
				};
			};
			buildConfigurationList = 11EFD2221DCF3402001DEAC1 /* Build configuration list for PBXProject "Kypony" */;
			compatibilityVersion = "Xcode 3.2";
			developmentRegion = English;
			hasScannedForEncodings = 0;
			knownRegions = (
				en,
				Base,
			);
			mainGroup = 11EFD21E1DCF3402001DEAC1;
			productRefGroup = 11EFD2281DCF3402001DEAC1 /* Products */;
			projectDirPath = "";
			projectRoot = "";
			targets = (
				11EFD2261DCF3402001DEAC1 /* Kypony */,
			);
		};
/* End PBXProject section */

/* Begin PBXResourcesBuildPhase section */
		11EFD2251DCF3402001DEAC1 /* Resources */ = {
			isa = PBXResourcesBuildPhase;
			buildActionMask = 2147483647;
			files = (
				11EFD2351DCF3402001DEAC1 /* LaunchScreen.storyboard in Resources */,
				11EFD2321DCF3402001DEAC1 /* Assets.xcassets in Resources */,
				11EFD2301DCF3402001DEAC1 /* Main.storyboard in Resources */,
			);
			runOnlyForDeploymentPostprocessing = 0;
		};
/* End PBXResourcesBuildPhase section */

/* Begin PBXSourcesBuildPhase section */
		11EFD2231DCF3402001DEAC1 /* Sources */ = {
			isa = PBXSourcesBuildPhase;
			buildActionMask = 2147483647;
			files = (
				11EFD2501DCF3E46001DEAC1 /* ToggleTorchButton.swift in Sources */,
				11EFD2571DCF4E42001DEAC1 /* AllPlacesViewController.swift in Sources */,
				11EFD24E1DCF3E46001DEAC1 /* ReaderOverlayView.swift in Sources */,
				11EFD2531DCF3ECB001DEAC1 /* QRCodeViewController.swift in Sources */,
				11EFD22D1DCF3402001DEAC1 /* ViewController.swift in Sources */,
				11EFD24C1DCF3E46001DEAC1 /* QRCodeReaderViewControllerBuilder.swift in Sources */,
				11EFD2471DCF3E46001DEAC1 /* QRCodeReader.swift in Sources */,
				11EFD22B1DCF3402001DEAC1 /* AppDelegate.swift in Sources */,
				11EFD24B1DCF3E46001DEAC1 /* QRCodeReaderViewController.swift in Sources */,
				11EFD2481DCF3E46001DEAC1 /* QRCodeReaderResult.swift in Sources */,
				11EFD2491DCF3E46001DEAC1 /* QRCodeReaderView.swift in Sources */,
				11EFD24D1DCF3E46001DEAC1 /* QRCodeReaderViewControllerDelegate.swift in Sources */,
				11EFD24F1DCF3E46001DEAC1 /* SwitchCameraButton.swift in Sources */,
				11EFD2551DCF4BA3001DEAC1 /* RecommendedPlacesViewController.swift in Sources */,
				11EFD24A1DCF3E46001DEAC1 /* QRCodeReaderViewContainer.swift in Sources */,
				11EFD2591DCF4F71001DEAC1 /* NewsViewController.swift in Sources */,
			);
			runOnlyForDeploymentPostprocessing = 0;
		};
/* End PBXSourcesBuildPhase section */

/* Begin PBXVariantGroup section */
		11EFD22E1DCF3402001DEAC1 /* Main.storyboard */ = {
			isa = PBXVariantGroup;
			children = (
				11EFD22F1DCF3402001DEAC1 /* Base */,
			);
			name = Main.storyboard;
			sourceTree = "<group>";
		};
		11EFD2331DCF3402001DEAC1 /* LaunchScreen.storyboard */ = {
			isa = PBXVariantGroup;
			children = (
				11EFD2341DCF3402001DEAC1 /* Base */,
			);
			name = LaunchScreen.storyboard;
			sourceTree = "<group>";
		};
/* End PBXVariantGroup section */

/* Begin XCBuildConfiguration section */
		11EFD2371DCF3402001DEAC1 /* Debug */ = {
			isa = XCBuildConfiguration;
			buildSettings = {
				ALWAYS_SEARCH_USER_PATHS = NO;
				CLANG_ANALYZER_NONNULL = YES;
				CLANG_CXX_LANGUAGE_STANDARD = "gnu++0x";
				CLANG_CXX_LIBRARY = "libc++";
				CLANG_ENABLE_MODULES = YES;
				CLANG_ENABLE_OBJC_ARC = YES;
				CLANG_WARN_BOOL_CONVERSION = YES;
				CLANG_WARN_CONSTANT_CONVERSION = YES;
				CLANG_WARN_DIRECT_OBJC_ISA_USAGE = YES_ERROR;
				CLANG_WARN_DOCUMENTATION_COMMENTS = YES;
				CLANG_WARN_EMPTY_BODY = YES;
				CLANG_WARN_ENUM_CONVERSION = YES;
				CLANG_WARN_INFINITE_RECURSION = YES;
				CLANG_WARN_INT_CONVERSION = YES;
				CLANG_WARN_OBJC_ROOT_CLASS = YES_ERROR;
				CLANG_WARN_SUSPICIOUS_MOVES = YES;
				CLANG_WARN_UNREACHABLE_CODE = YES;
				CLANG_WARN__DUPLICATE_METHOD_MATCH = YES;
				"CODE_SIGN_IDENTITY[sdk=iphoneos*]" = "iPhone Developer";
				COPY_PHASE_STRIP = NO;
				DEBUG_INFORMATION_FORMAT = dwarf;
				ENABLE_STRICT_OBJC_MSGSEND = YES;
				ENABLE_TESTABILITY = YES;
				GCC_C_LANGUAGE_STANDARD = gnu99;
				GCC_DYNAMIC_NO_PIC = NO;
				GCC_NO_COMMON_BLOCKS = YES;
				GCC_OPTIMIZATION_LEVEL = 0;
				GCC_PREPROCESSOR_DEFINITIONS = (
					"DEBUG=1",
					"$(inherited)",
				);
				GCC_WARN_64_TO_32_BIT_CONVERSION = YES;
				GCC_WARN_ABOUT_RETURN_TYPE = YES_ERROR;
				GCC_WARN_UNDECLARED_SELECTOR = YES;
				GCC_WARN_UNINITIALIZED_AUTOS = YES_AGGRESSIVE;
				GCC_WARN_UNUSED_FUNCTION = YES;
				GCC_WARN_UNUSED_VARIABLE = YES;
				IPHONEOS_DEPLOYMENT_TARGET = 10.0;
				MTL_ENABLE_DEBUG_INFO = YES;
				ONLY_ACTIVE_ARCH = YES;
				SDKROOT = iphoneos;
				SWIFT_ACTIVE_COMPILATION_CONDITIONS = DEBUG;
				SWIFT_OPTIMIZATION_LEVEL = "-Onone";
			};
			name = Debug;
		};
		11EFD2381DCF3402001DEAC1 /* Release */ = {
			isa = XCBuildConfiguration;
			buildSettings = {
				ALWAYS_SEARCH_USER_PATHS = NO;
				CLANG_ANALYZER_NONNULL = YES;
				CLANG_CXX_LANGUAGE_STANDARD = "gnu++0x";
				CLANG_CXX_LIBRARY = "libc++";
				CLANG_ENABLE_MODULES = YES;
				CLANG_ENABLE_OBJC_ARC = YES;
				CLANG_WARN_BOOL_CONVERSION = YES;
				CLANG_WARN_CONSTANT_CONVERSION = YES;
				CLANG_WARN_DIRECT_OBJC_ISA_USAGE = YES_ERROR;
				CLANG_WARN_DOCUMENTATION_COMMENTS = YES;
				CLANG_WARN_EMPTY_BODY = YES;
				CLANG_WARN_ENUM_CONVERSION = YES;
				CLANG_WARN_INFINITE_RECURSION = YES;
				CLANG_WARN_INT_CONVERSION = YES;
				CLANG_WARN_OBJC_ROOT_CLASS = YES_ERROR;
				CLANG_WARN_SUSPICIOUS_MOVES = YES;
				CLANG_WARN_UNREACHABLE_CODE = YES;
				CLANG_WARN__DUPLICATE_METHOD_MATCH = YES;
				"CODE_SIGN_IDENTITY[sdk=iphoneos*]" = "iPhone Developer";
				COPY_PHASE_STRIP = NO;
				DEBUG_INFORMATION_FORMAT = "dwarf-with-dsym";
				ENABLE_NS_ASSERTIONS = NO;
				ENABLE_STRICT_OBJC_MSGSEND = YES;
				GCC_C_LANGUAGE_STANDARD = gnu99;
				GCC_NO_COMMON_BLOCKS = YES;
				GCC_WARN_64_TO_32_BIT_CONVERSION = YES;
				GCC_WARN_ABOUT_RETURN_TYPE = YES_ERROR;
				GCC_WARN_UNDECLARED_SELECTOR = YES;
				GCC_WARN_UNINITIALIZED_AUTOS = YES_AGGRESSIVE;
				GCC_WARN_UNUSED_FUNCTION = YES;
				GCC_WARN_UNUSED_VARIABLE = YES;
				IPHONEOS_DEPLOYMENT_TARGET = 10.0;
				MTL_ENABLE_DEBUG_INFO = NO;
				SDKROOT = iphoneos;
				SWIFT_OPTIMIZATION_LEVEL = "-Owholemodule";
				VALIDATE_PRODUCT = YES;
			};
			name = Release;
		};
		11EFD23A1DCF3402001DEAC1 /* Debug */ = {
			isa = XCBuildConfiguration;
			buildSettings = {
				ASSETCATALOG_COMPILER_APPICON_NAME = AppIcon;
				INFOPLIST_FILE = Kypony/Info.plist;
				LD_RUNPATH_SEARCH_PATHS = "$(inherited) @executable_path/Frameworks";
				PRODUCT_BUNDLE_IDENTIFIER = com.alexkartsev.Kypony;
				PRODUCT_NAME = "$(TARGET_NAME)";
				SWIFT_VERSION = 3.0;
			};
			name = Debug;
		};
		11EFD23B1DCF3402001DEAC1 /* Release */ = {
			isa = XCBuildConfiguration;
			buildSettings = {
				ASSETCATALOG_COMPILER_APPICON_NAME = AppIcon;
				INFOPLIST_FILE = Kypony/Info.plist;
				LD_RUNPATH_SEARCH_PATHS = "$(inherited) @executable_path/Frameworks";
				PRODUCT_BUNDLE_IDENTIFIER = com.alexkartsev.Kypony;
				PRODUCT_NAME = "$(TARGET_NAME)";
				SWIFT_VERSION = 3.0;
			};
			name = Release;
		};
/* End XCBuildConfiguration section */

/* Begin XCConfigurationList section */
		11EFD2221DCF3402001DEAC1 /* Build configuration list for PBXProject "Kypony" */ = {
			isa = XCConfigurationList;
			buildConfigurations = (
				11EFD2371DCF3402001DEAC1 /* Debug */,
				11EFD2381DCF3402001DEAC1 /* Release */,
			);
			defaultConfigurationIsVisible = 0;
			defaultConfigurationName = Release;
		};
		11EFD2391DCF3402001DEAC1 /* Build configuration list for PBXNativeTarget "Kypony" */ = {
			isa = XCConfigurationList;
			buildConfigurations = (
				11EFD23A1DCF3402001DEAC1 /* Debug */,
				11EFD23B1DCF3402001DEAC1 /* Release */,
			);
			defaultConfigurationIsVisible = 0;
		};
/* End XCConfigurationList section */
	};
	rootObject = 11EFD21F1DCF3402001DEAC1 /* Project object */;
}
